
Microsoft Visual Studio Solution File, Format Version 12.00
# Visual Studio Version 16
VisualStudioVersion = 16.0.32802.440
MinimumVisualStudioVersion = 10.0.40219.1
Project("{FAE04EC0-301F-11D3-BF4B-00C04F79EFBC}") = "eTickets", "eTickets\eTickets.csproj", "{7EE6E58A-E9BA-4BBC-BE93-8229666F810D}"
EndProject
Global
	GlobalSection(SolutionConfigurationPlatforms) = preSolution
		Debug|Any CPU = Debug|Any CPU
		Release|Any CPU = Release|Any CPU
	EndGlobalSection
	GlobalSection(ProjectConfigurationPlatforms) = postSolution
		{7EE6E58A-E9BA-4BBC-BE93-8229666F810D}.Debug|Any CPU.ActiveCfg = Debug|Any CPU
		{7EE6E58A-E9BA-4BBC-BE93-8229666F810D}.Debug|Any CPU.Build.0 = Debug|Any CPU
		{7EE6E58A-E9BA-4BBC-BE93-8229666F810D}.Release|Any CPU.ActiveCfg = Release|Any CPU
		{7EE6E58A-E9BA-4BBC-BE93-8229666F810D}.Release|Any CPU.Build.0 = Release|Any CPU
	EndGlobalSection
	GlobalSection(SolutionProperties) = preSolution
		HideSolutionNode = FALSE
	EndGlobalSection
	GlobalSection(ExtensibilityGlobals) = postSolution
		SolutionGuid = {EBB8C03E-11A7-48AA-95F6-976A13E3382F}
	EndGlobalSection
EndGlobal
